{
    "_readme": [
        "This file locks the dependencies of your project to a known state",
        "Read more about it at https://getcomposer.org/doc/01-basic-usage.md#installing-dependencies",
        "This file is @generated automatically"
    ],
    "content-hash": "93015f5a5323d820f3713a7c75fe5123",
    "packages": [
        {
            "name": "firebase/php-jwt",
            "version": "v5.2.0",
            "source": {
                "type": "git",
                "url": "https://github.com/firebase/php-jwt.git",
                "reference": "feb0e820b8436873675fd3aca04f3728eb2185cb"
            },
            "dist": {
                "type": "zip",
                "url": "https://api.github.com/repos/firebase/php-jwt/zipball/feb0e820b8436873675fd3aca04f3728eb2185cb",
                "reference": "feb0e820b8436873675fd3aca04f3728eb2185cb",
                "shasum": ""
            },
            "require": {
                "php": ">=5.3.0"
            },
            "require-dev": {
                "phpunit/phpunit": ">=4.8 <=9"
            },
            "type": "library",
            "autoload": {
                "psr-4": {
                    "Firebase\\JWT\\": "src"
                }
            },
            "notification-url": "https://packagist.org/downloads/",
            "license": [
                "BSD-3-Clause"
            ],
            "authors": [
                {
                    "name": "Neuman Vong",
                    "email": "neuman+pear@twilio.com",
                    "role": "Developer"
                },
                {
                    "name": "Anant Narayanan",
                    "email": "anant@php.net",
                    "role": "Developer"
                }
            ],
            "description": "A simple library to encode and decode JSON Web Tokens (JWT) in PHP. Should conform to the current spec.",
            "homepage": "https://github.com/firebase/php-jwt",
            "keywords": [
                "jwt",
                "php"
            ],
            "time": "2020-03-25T18:49:23+00:00"
        },
        {
            "name": "freedomsex/client-identifier",
            "version": "v1.1.0",
            "source": {
                "type": "git",
                "url": "https://github.com/freedomsex/client-identifier.git",
                "reference": "dbf2ecb6ad40106ea52f902866a3b4dc8e74b014"
            },
            "dist": {
                "type": "zip",
                "url": "https://api.github.com/repos/freedomsex/client-identifier/zipball/dbf2ecb6ad40106ea52f902866a3b4dc8e74b014",
                "reference": "dbf2ecb6ad40106ea52f902866a3b4dc8e74b014",
                "shasum": ""
            },
            "require": {
                "php": "^7.2"
            },
            "require-dev": {
                "phpunit/phpunit": "^8.5"
            },
            "type": "library",
            "autoload": {
                "psr-4": {
                    "FreedomSex\\": "src/"
                }
            },
            "notification-url": "https://packagist.org/downloads/",
            "license": [
                "MIT"
            ],
            "authors": [
                {
                    "name": "tebaly",
                    "email": "support@freedomsex.net"
                }
            ],
            "time": "2020-09-06T23:09:06+00:00"
        },
        {
            "name": "freedomsex/jwt-manager",
            "version": "v0.2.0",
            "source": {
                "type": "git",
                "url": "https://github.com/freedomsex/jwt-manager.git",
                "reference": "7d3ce8a34a00e8352fbf2cb130587d48976b3643"
            },
            "dist": {
                "type": "zip",
                "url": "https://api.github.com/repos/freedomsex/jwt-manager/zipball/7d3ce8a34a00e8352fbf2cb130587d48976b3643",
                "reference": "7d3ce8a34a00e8352fbf2cb130587d48976b3643",
                "shasum": ""
            },
            "require": {
                "firebase/php-jwt": "^5.0",
                "php": ">=7.2.0"
            },
            "type": "library",
            "autoload": {
                "psr-4": {
                    "FreedomSex\\": "src/"
                }
            },
            "notification-url": "https://packagist.org/downloads/",
            "license": [
                "GPLv3.0"
            ],
            "authors": [
                {
                    "name": "tebaly",
                    "email": "support@freedomsex.net"
                }
            ],
            "description": "jwt-manager for FreedomSex project",
            "time": "2020-09-21T15:29:22+00:00"
        },
        {
            "name": "freedomsex/password-manager",
            "version": "1.0.0",
            "source": {
                "type": "git",
                "url": "https://github.com/freedomsex/password-manager.git",
                "reference": "d2177f42a01011248563f2a825ef0da2f358260e"
            },
            "dist": {
                "type": "zip",
                "url": "https://api.github.com/repos/freedomsex/password-manager/zipball/d2177f42a01011248563f2a825ef0da2f358260e",
                "reference": "d2177f42a01011248563f2a825ef0da2f358260e",
                "shasum": ""
            },
            "require": {
                "php": ">=7.1.0"
            },
            "type": "library",
            "autoload": {
                "psr-4": {
                    "FreedomSex\\": "src/"
                }
            },
            "notification-url": "https://packagist.org/downloads/",
            "license": [
                "GPLv3.0"
            ],
            "authors": [
                {
                    "name": "tebaly",
                    "email": "support@freedomsex.net"
                }
            ],
            "description": "simple password manager",
            "time": "2020-04-14T09:42:36+00:00"
        }
    ],
    "packages-dev": [],
    "aliases": [],
    "minimum-stability": "stable",
    "stability-flags": [],
    "prefer-stable": false,
    "prefer-lowest": false,
    "platform": {
        "php": "^7.2.3"
    },
    "platform-dev": [],
    "plugin-api-version": "1.1.0"
}
